
Microsoft Visual Studio Solution File, Format Version 12.00
# Visual Studio 14
VisualStudioVersion = 14.0.25420.1
MinimumVisualStudioVersion = 10.0.40219.1
Project("{FAE04EC0-301F-11D3-BF4B-00C04F79EFBC}") = "CaroGame", "CaroGame\CaroGame.csproj", "{91AF7787-5A78-4D4B-B0B8-68B441E48A4B}"
EndProject
Project("{54435603-DBB4-11D2-8724-00A0C9A8B90C}") = "SetupCaro", "SetupCaro\SetupCaro.vdproj", "{3A53E998-D630-47A5-A34E-C9D4EC965FB2}"
EndProject
Global
	GlobalSection(SolutionConfigurationPlatforms) = preSolution
		Debug|Any CPU = Debug|Any CPU
		Release|Any CPU = Release|Any CPU
	EndGlobalSection
	GlobalSection(ProjectConfigurationPlatforms) = postSolution
		{91AF7787-5A78-4D4B-B0B8-68B441E48A4B}.Debug|Any CPU.ActiveCfg = Debug|Any CPU
		{91AF7787-5A78-4D4B-B0B8-68B441E48A4B}.Debug|Any CPU.Build.0 = Debug|Any CPU
		{91AF7787-5A78-4D4B-B0B8-68B441E48A4B}.Release|Any CPU.ActiveCfg = Release|Any CPU
		{91AF7787-5A78-4D4B-B0B8-68B441E48A4B}.Release|Any CPU.Build.0 = Release|Any CPU
		{3A53E998-D630-47A5-A34E-C9D4EC965FB2}.Debug|Any CPU.ActiveCfg = Debug
		{3A53E998-D630-47A5-A34E-C9D4EC965FB2}.Release|Any CPU.ActiveCfg = Release
	EndGlobalSection
	GlobalSection(SolutionProperties) = preSolution
		HideSolutionNode = FALSE
	EndGlobalSection
EndGlobal
